// !$*UTF8*$!
{
	archiveVersion = 1;
	classes = {
	};
	objectVersion = 54;
	objects = {

/* Begin PBXBuildFile section */
		041239602D1A5EF700F171A0 /* KJContactsViewController.m in Sources */ = {isa = PBXBuildFile; fileRef = 0412395F2D1A5EF700F171A0 /* KJContactsViewController.m */; };
		041239642D1A5F3900F171A0 /* KJProfileViewController.m in Sources */ = {isa = PBXBuildFile; fileRef = 041239632D1A5F3900F171A0 /* KJProfileViewController.m */; };
		04714B152D1D0A9D00C66CBC /* KJSmartCleanViewController.m in Sources */ = {isa = PBXBuildFile; fileRef = 04714B142D1D0A9D00C66CBC /* KJSmartCleanViewController.m */; };
		048325522D199FD100F62578 /* KJBaseViewController.m in Sources */ = {isa = PBXBuildFile; fileRef = 048325512D199FD100F62578 /* KJBaseViewController.m */; };
		048325552D199FE700F62578 /* KJHomeViewController.m in Sources */ = {isa = PBXBuildFile; fileRef = 048325542D199FE700F62578 /* KJHomeViewController.m */; };
		048325582D19A04B00F62578 /* KJTools.m in Sources */ = {isa = PBXBuildFile; fileRef = 048325572D19A04B00F62578 /* KJTools.m */; };
		049CA72E2D9D45E800A730C9 /* KJAllContactsViewController.m in Sources */ = {isa = PBXBuildFile; fileRef = 049CA72D2D9D45E800A730C9 /* KJAllContactsViewController.m */; };
		049CA7312D9D460200A730C9 /* KJContactDuplViewController.m in Sources */ = {isa = PBXBuildFile; fileRef = 049CA7302D9D460200A730C9 /* KJContactDuplViewController.m */; };
		049CA7342D9D462400A730C9 /* KJContactSimilarNameViewController.m in Sources */ = {isa = PBXBuildFile; fileRef = 049CA7332D9D462400A730C9 /* KJContactSimilarNameViewController.m */; };
		04D64E272D12686A00C3A0F6 /* KJCustomTabBar.m in Sources */ = {isa = PBXBuildFile; fileRef = 04D64E262D12686A00C3A0F6 /* KJCustomTabBar.m */; };
		13422641856F5D6E44857628 /* Pods_QingLi_Tests.framework in Frameworks */ = {isa = PBXBuildFile; fileRef = D4ED9404822204855F3BAF2B /* Pods_QingLi_Tests.framework */; };
		6003F58E195388D20070C39A /* Foundation.framework in Frameworks */ = {isa = PBXBuildFile; fileRef = 6003F58D195388D20070C39A /* Foundation.framework */; };
		6003F590195388D20070C39A /* CoreGraphics.framework in Frameworks */ = {isa = PBXBuildFile; fileRef = 6003F58F195388D20070C39A /* CoreGraphics.framework */; };
		6003F592195388D20070C39A /* UIKit.framework in Frameworks */ = {isa = PBXBuildFile; fileRef = 6003F591195388D20070C39A /* UIKit.framework */; };
		6003F598195388D20070C39A /* InfoPlist.strings in Resources */ = {isa = PBXBuildFile; fileRef = 6003F596195388D20070C39A /* InfoPlist.strings */; };
		6003F59A195388D20070C39A /* main.m in Sources */ = {isa = PBXBuildFile; fileRef = 6003F599195388D20070C39A /* main.m */; };
		6003F59E195388D20070C39A /* KJAppDelegate.m in Sources */ = {isa = PBXBuildFile; fileRef = 6003F59D195388D20070C39A /* KJAppDelegate.m */; };
		6003F5A7195388D20070C39A /* KJViewController.m in Sources */ = {isa = PBXBuildFile; fileRef = 6003F5A6195388D20070C39A /* KJViewController.m */; };
		6003F5A9195388D20070C39A /* Images.xcassets in Resources */ = {isa = PBXBuildFile; fileRef = 6003F5A8195388D20070C39A /* Images.xcassets */; };
		6003F5B0195388D20070C39A /* XCTest.framework in Frameworks */ = {isa = PBXBuildFile; fileRef = 6003F5AF195388D20070C39A /* XCTest.framework */; };
		6003F5B1195388D20070C39A /* Foundation.framework in Frameworks */ = {isa = PBXBuildFile; fileRef = 6003F58D195388D20070C39A /* Foundation.framework */; };
		6003F5B2195388D20070C39A /* UIKit.framework in Frameworks */ = {isa = PBXBuildFile; fileRef = 6003F591195388D20070C39A /* UIKit.framework */; };
		6003F5BA195388D20070C39A /* InfoPlist.strings in Resources */ = {isa = PBXBuildFile; fileRef = 6003F5B8195388D20070C39A /* InfoPlist.strings */; };
		6003F5BC195388D20070C39A /* Tests.m in Sources */ = {isa = PBXBuildFile; fileRef = 6003F5BB195388D20070C39A /* Tests.m */; };
		71719F9F1E33DC2100824A3D /* LaunchScreen.storyboard in Resources */ = {isa = PBXBuildFile; fileRef = 71719F9D1E33DC2100824A3D /* LaunchScreen.storyboard */; };
		873B8AEB1B1F5CCA007FD442 /* Main.storyboard in Resources */ = {isa = PBXBuildFile; fileRef = 873B8AEA1B1F5CCA007FD442 /* Main.storyboard */; };
		C0A3BB4EAB17E170F22DFBAE /* Pods_QingLi_Example.framework in Frameworks */ = {isa = PBXBuildFile; fileRef = 3817416DF8C5CB89F4D30029 /* Pods_QingLi_Example.framework */; };
		EE12CFCB2D97A629003A4E70 /* KJPhotoSectionHeader.m in Sources */ = {isa = PBXBuildFile; fileRef = EE12CFCA2D97A629003A4E70 /* KJPhotoSectionHeader.m */; };
		EE12CFCC2D97A629003A4E70 /* KJPhotoCell.m in Sources */ = {isa = PBXBuildFile; fileRef = EE12CFC82D97A629003A4E70 /* KJPhotoCell.m */; };
		EE12D0222D97A9DB003A4E70 /* KJPhotoSimilarityManager.m in Sources */ = {isa = PBXBuildFile; fileRef = EE12D0212D97A9DB003A4E70 /* KJPhotoSimilarityManager.m */; };
		EE12D0782D97B77A003A4E70 /* KJOptimizedDBSCAN.m in Sources */ = {isa = PBXBuildFile; fileRef = EE12D0772D97B77A003A4E70 /* KJOptimizedDBSCAN.m */; };
		EE61B5692D9A54CA00F03328 /* Toast in Frameworks */ = {isa = PBXBuildFile; productRef = EE61B5682D9A54CA00F03328 /* Toast */; };
		EE61B56C2D9A54F600F03328 /* PINCache in Frameworks */ = {isa = PBXBuildFile; productRef = EE61B56B2D9A54F600F03328 /* PINCache */; };
		EE61B5722D9A5B3300F03328 /* KJCustomPhotoLayout.m in Sources */ = {isa = PBXBuildFile; fileRef = EE61B5702D9A5B3300F03328 /* KJCustomPhotoLayout.m */; };
		EEA8340C2D9BCD62000DCE61 /* KJSummaryHeaderView.m in Sources */ = {isa = PBXBuildFile; fileRef = EEA8340B2D9BCD62000DCE61 /* KJSummaryHeaderView.m */; };
		EEA834112D9BE4FC000DCE61 /* KJMediaCleanViewController.m in Sources */ = {isa = PBXBuildFile; fileRef = EEA8340E2D9BE4FC000DCE61 /* KJMediaCleanViewController.m */; };
		EEA834122D9BE4FC000DCE61 /* KJMediaManagerViewController.m in Sources */ = {isa = PBXBuildFile; fileRef = EEA834102D9BE4FC000DCE61 /* KJMediaManagerViewController.m */; };
/* End PBXBuildFile section */

/* Begin PBXContainerItemProxy section */
		6003F5B3195388D20070C39A /* PBXContainerItemProxy */ = {
			isa = PBXContainerItemProxy;
			containerPortal = 6003F582195388D10070C39A /* Project object */;
			proxyType = 1;
			remoteGlobalIDString = 6003F589195388D20070C39A;
			remoteInfo = QingLi;
		};
/* End PBXContainerItemProxy section */

/* Begin PBXFileReference section */
		0412395E2D1A5EF700F171A0 /* KJContactsViewController.h */ = {isa = PBXFileReference; lastKnownFileType = sourcecode.c.h; path = KJContactsViewController.h; sourceTree = "<group>"; };
		0412395F2D1A5EF700F171A0 /* KJContactsViewController.m */ = {isa = PBXFileReference; lastKnownFileType = sourcecode.c.objc; path = KJContactsViewController.m; sourceTree = "<group>"; };
		041239622D1A5F3900F171A0 /* KJProfileViewController.h */ = {isa = PBXFileReference; lastKnownFileType = sourcecode.c.h; path = KJProfileViewController.h; sourceTree = "<group>"; };
		041239632D1A5F3900F171A0 /* KJProfileViewController.m */ = {isa = PBXFileReference; lastKnownFileType = sourcecode.c.objc; path = KJProfileViewController.m; sourceTree = "<group>"; };
		04714B132D1D0A9D00C66CBC /* KJSmartCleanViewController.h */ = {isa = PBXFileReference; lastKnownFileType = sourcecode.c.h; path = KJSmartCleanViewController.h; sourceTree = "<group>"; };
		04714B142D1D0A9D00C66CBC /* KJSmartCleanViewController.m */ = {isa = PBXFileReference; lastKnownFileType = sourcecode.c.objc; path = KJSmartCleanViewController.m; sourceTree = "<group>"; };
		048325502D199FD100F62578 /* KJBaseViewController.h */ = {isa = PBXFileReference; lastKnownFileType = sourcecode.c.h; path = KJBaseViewController.h; sourceTree = "<group>"; };
		048325512D199FD100F62578 /* KJBaseViewController.m */ = {isa = PBXFileReference; lastKnownFileType = sourcecode.c.objc; path = KJBaseViewController.m; sourceTree = "<group>"; };
		048325532D199FE700F62578 /* KJHomeViewController.h */ = {isa = PBXFileReference; lastKnownFileType = sourcecode.c.h; path = KJHomeViewController.h; sourceTree = "<group>"; };
		048325542D199FE700F62578 /* KJHomeViewController.m */ = {isa = PBXFileReference; lastKnownFileType = sourcecode.c.objc; path = KJHomeViewController.m; sourceTree = "<group>"; };
		048325562D19A04B00F62578 /* KJTools.h */ = {isa = PBXFileReference; lastKnownFileType = sourcecode.c.h; path = KJTools.h; sourceTree = "<group>"; };
		048325572D19A04B00F62578 /* KJTools.m */ = {isa = PBXFileReference; lastKnownFileType = sourcecode.c.objc; path = KJTools.m; sourceTree = "<group>"; };
		049CA72C2D9D45E800A730C9 /* KJAllContactsViewController.h */ = {isa = PBXFileReference; lastKnownFileType = sourcecode.c.h; path = KJAllContactsViewController.h; sourceTree = "<group>"; };
		049CA72D2D9D45E800A730C9 /* KJAllContactsViewController.m */ = {isa = PBXFileReference; lastKnownFileType = sourcecode.c.objc; path = KJAllContactsViewController.m; sourceTree = "<group>"; };
		049CA72F2D9D460200A730C9 /* KJContactDuplViewController.h */ = {isa = PBXFileReference; lastKnownFileType = sourcecode.c.h; path = KJContactDuplViewController.h; sourceTree = "<group>"; };
		049CA7302D9D460200A730C9 /* KJContactDuplViewController.m */ = {isa = PBXFileReference; lastKnownFileType = sourcecode.c.objc; path = KJContactDuplViewController.m; sourceTree = "<group>"; };
		049CA7322D9D462400A730C9 /* KJContactSimilarNameViewController.h */ = {isa = PBXFileReference; lastKnownFileType = sourcecode.c.h; path = KJContactSimilarNameViewController.h; sourceTree = "<group>"; };
		049CA7332D9D462400A730C9 /* KJContactSimilarNameViewController.m */ = {isa = PBXFileReference; lastKnownFileType = sourcecode.c.objc; path = KJContactSimilarNameViewController.m; sourceTree = "<group>"; };
		04D64E252D12686A00C3A0F6 /* KJCustomTabBar.h */ = {isa = PBXFileReference; lastKnownFileType = sourcecode.c.h; path = KJCustomTabBar.h; sourceTree = "<group>"; };
		04D64E262D12686A00C3A0F6 /* KJCustomTabBar.m */ = {isa = PBXFileReference; lastKnownFileType = sourcecode.c.objc; path = KJCustomTabBar.m; sourceTree = "<group>"; };
		10F6F684201175315B5805A1 /* Pods-QingLi_Example.debug.xcconfig */ = {isa = PBXFileReference; includeInIndex = 1; lastKnownFileType = text.xcconfig; name = "Pods-QingLi_Example.debug.xcconfig"; path = "Target Support Files/Pods-QingLi_Example/Pods-QingLi_Example.debug.xcconfig"; sourceTree = "<group>"; };
		3817416DF8C5CB89F4D30029 /* Pods_QingLi_Example.framework */ = {isa = PBXFileReference; explicitFileType = wrapper.framework; includeInIndex = 0; path = Pods_QingLi_Example.framework; sourceTree = BUILT_PRODUCTS_DIR; };
		411C11A094F3945977D80676 /* LICENSE */ = {isa = PBXFileReference; includeInIndex = 1; lastKnownFileType = text; name = LICENSE; path = ../LICENSE; sourceTree = "<group>"; };
		42A74C4BA1E6140F9AC643CA /* README.md */ = {isa = PBXFileReference; includeInIndex = 1; lastKnownFileType = net.daringfireball.markdown; name = README.md; path = ../README.md; sourceTree = "<group>"; };
		6003F58A195388D20070C39A /* QingLi_Example.app */ = {isa = PBXFileReference; explicitFileType = wrapper.application; includeInIndex = 0; path = QingLi_Example.app; sourceTree = BUILT_PRODUCTS_DIR; };
		6003F58D195388D20070C39A /* Foundation.framework */ = {isa = PBXFileReference; lastKnownFileType = wrapper.framework; name = Foundation.framework; path = System/Library/Frameworks/Foundation.framework; sourceTree = SDKROOT; };
		6003F58F195388D20070C39A /* CoreGraphics.framework */ = {isa = PBXFileReference; lastKnownFileType = wrapper.framework; name = CoreGraphics.framework; path = System/Library/Frameworks/CoreGraphics.framework; sourceTree = SDKROOT; };
		6003F591195388D20070C39A /* UIKit.framework */ = {isa = PBXFileReference; lastKnownFileType = wrapper.framework; name = UIKit.framework; path = System/Library/Frameworks/UIKit.framework; sourceTree = SDKROOT; };
		6003F595195388D20070C39A /* QingLi-Info.plist */ = {isa = PBXFileReference; lastKnownFileType = text.plist.xml; path = "QingLi-Info.plist"; sourceTree = "<group>"; };
		6003F597195388D20070C39A /* en */ = {isa = PBXFileReference; lastKnownFileType = text.plist.strings; name = en; path = en.lproj/InfoPlist.strings; sourceTree = "<group>"; };
		6003F599195388D20070C39A /* main.m */ = {isa = PBXFileReference; lastKnownFileType = sourcecode.c.objc; path = main.m; sourceTree = "<group>"; };
		6003F59B195388D20070C39A /* QingLi-Prefix.pch */ = {isa = PBXFileReference; lastKnownFileType = sourcecode.c.h; path = "QingLi-Prefix.pch"; sourceTree = "<group>"; };
		6003F59C195388D20070C39A /* KJAppDelegate.h */ = {isa = PBXFileReference; lastKnownFileType = sourcecode.c.h; path = KJAppDelegate.h; sourceTree = "<group>"; };
		6003F59D195388D20070C39A /* KJAppDelegate.m */ = {isa = PBXFileReference; lastKnownFileType = sourcecode.c.objc; path = KJAppDelegate.m; sourceTree = "<group>"; };
		6003F5A5195388D20070C39A /* KJViewController.h */ = {isa = PBXFileReference; lastKnownFileType = sourcecode.c.h; path = KJViewController.h; sourceTree = "<group>"; };
		6003F5A6195388D20070C39A /* KJViewController.m */ = {isa = PBXFileReference; lastKnownFileType = sourcecode.c.objc; path = KJViewController.m; sourceTree = "<group>"; };
		6003F5A8195388D20070C39A /* Images.xcassets */ = {isa = PBXFileReference; lastKnownFileType = folder.assetcatalog; path = Images.xcassets; sourceTree = "<group>"; };
		6003F5AE195388D20070C39A /* QingLi_Tests.xctest */ = {isa = PBXFileReference; explicitFileType = wrapper.cfbundle; includeInIndex = 0; path = QingLi_Tests.xctest; sourceTree = BUILT_PRODUCTS_DIR; };
		6003F5AF195388D20070C39A /* XCTest.framework */ = {isa = PBXFileReference; lastKnownFileType = wrapper.framework; name = XCTest.framework; path = Library/Frameworks/XCTest.framework; sourceTree = DEVELOPER_DIR; };
		6003F5B7195388D20070C39A /* Tests-Info.plist */ = {isa = PBXFileReference; lastKnownFileType = text.plist.xml; path = "Tests-Info.plist"; sourceTree = "<group>"; };
		6003F5B9195388D20070C39A /* en */ = {isa = PBXFileReference; lastKnownFileType = text.plist.strings; name = en; path = en.lproj/InfoPlist.strings; sourceTree = "<group>"; };
		6003F5BB195388D20070C39A /* Tests.m */ = {isa = PBXFileReference; lastKnownFileType = sourcecode.c.objc; path = Tests.m; sourceTree = "<group>"; };
		606FC2411953D9B200FFA9A0 /* Tests-Prefix.pch */ = {isa = PBXFileReference; lastKnownFileType = sourcecode.c.h; path = "Tests-Prefix.pch"; sourceTree = "<group>"; };
		71719F9E1E33DC2100824A3D /* Base */ = {isa = PBXFileReference; lastKnownFileType = file.storyboard; name = Base; path = Base.lproj/LaunchScreen.storyboard; sourceTree = "<group>"; };
		873B8AEA1B1F5CCA007FD442 /* Main.storyboard */ = {isa = PBXFileReference; fileEncoding = 4; lastKnownFileType = file.storyboard; name = Main.storyboard; path = Base.lproj/Main.storyboard; sourceTree = "<group>"; };
		9D5919551AF22C0501B39CFB /* Pods-QingLi_Example.release.xcconfig */ = {isa = PBXFileReference; includeInIndex = 1; lastKnownFileType = text.xcconfig; name = "Pods-QingLi_Example.release.xcconfig"; path = "Target Support Files/Pods-QingLi_Example/Pods-QingLi_Example.release.xcconfig"; sourceTree = "<group>"; };
		9FE9E0AE293A1F6C12CF6354 /* Pods-QingLi_Tests.debug.xcconfig */ = {isa = PBXFileReference; includeInIndex = 1; lastKnownFileType = text.xcconfig; name = "Pods-QingLi_Tests.debug.xcconfig"; path = "Target Support Files/Pods-QingLi_Tests/Pods-QingLi_Tests.debug.xcconfig"; sourceTree = "<group>"; };
		BFEA2EB1A2A821CCA1B05142 /* Pods-QingLi_Tests.release.xcconfig */ = {isa = PBXFileReference; includeInIndex = 1; lastKnownFileType = text.xcconfig; name = "Pods-QingLi_Tests.release.xcconfig"; path = "Target Support Files/Pods-QingLi_Tests/Pods-QingLi_Tests.release.xcconfig"; sourceTree = "<group>"; };
		D4ED9404822204855F3BAF2B /* Pods_QingLi_Tests.framework */ = {isa = PBXFileReference; explicitFileType = wrapper.framework; includeInIndex = 0; path = Pods_QingLi_Tests.framework; sourceTree = BUILT_PRODUCTS_DIR; };
		EE12CFC72D97A629003A4E70 /* KJPhotoCell.h */ = {isa = PBXFileReference; lastKnownFileType = sourcecode.c.h; path = KJPhotoCell.h; sourceTree = "<group>"; };
		EE12CFC82D97A629003A4E70 /* KJPhotoCell.m */ = {isa = PBXFileReference; lastKnownFileType = sourcecode.c.objc; path = KJPhotoCell.m; sourceTree = "<group>"; };
		EE12CFC92D97A629003A4E70 /* KJPhotoSectionHeader.h */ = {isa = PBXFileReference; lastKnownFileType = sourcecode.c.h; path = KJPhotoSectionHeader.h; sourceTree = "<group>"; };
		EE12CFCA2D97A629003A4E70 /* KJPhotoSectionHeader.m */ = {isa = PBXFileReference; lastKnownFileType = sourcecode.c.objc; path = KJPhotoSectionHeader.m; sourceTree = "<group>"; };
		EE12D0202D97A9DB003A4E70 /* KJPhotoSimilarityManager.h */ = {isa = PBXFileReference; lastKnownFileType = sourcecode.c.h; path = KJPhotoSimilarityManager.h; sourceTree = "<group>"; };
		EE12D0212D97A9DB003A4E70 /* KJPhotoSimilarityManager.m */ = {isa = PBXFileReference; lastKnownFileType = sourcecode.c.objc; path = KJPhotoSimilarityManager.m; sourceTree = "<group>"; };
		EE12D0762D97B77A003A4E70 /* KJOptimizedDBSCAN.h */ = {isa = PBXFileReference; lastKnownFileType = sourcecode.c.h; path = KJOptimizedDBSCAN.h; sourceTree = "<group>"; };
		EE12D0772D97B77A003A4E70 /* KJOptimizedDBSCAN.m */ = {isa = PBXFileReference; lastKnownFileType = sourcecode.c.objc; path = KJOptimizedDBSCAN.m; sourceTree = "<group>"; };
		EE61B56F2D9A5B3300F03328 /* KJCustomPhotoLayout.h */ = {isa = PBXFileReference; lastKnownFileType = sourcecode.c.h; path = KJCustomPhotoLayout.h; sourceTree = "<group>"; };
		EE61B5702D9A5B3300F03328 /* KJCustomPhotoLayout.m */ = {isa = PBXFileReference; lastKnownFileType = sourcecode.c.objc; path = KJCustomPhotoLayout.m; sourceTree = "<group>"; };
		EEA8340A2D9BCD62000DCE61 /* KJSummaryHeaderView.h */ = {isa = PBXFileReference; lastKnownFileType = sourcecode.c.h; path = KJSummaryHeaderView.h; sourceTree = "<group>"; };
		EEA8340B2D9BCD62000DCE61 /* KJSummaryHeaderView.m */ = {isa = PBXFileReference; lastKnownFileType = sourcecode.c.objc; path = KJSummaryHeaderView.m; sourceTree = "<group>"; };
		EEA8340D2D9BE4FC000DCE61 /* KJMediaCleanViewController.h */ = {isa = PBXFileReference; lastKnownFileType = sourcecode.c.h; path = KJMediaCleanViewController.h; sourceTree = "<group>"; };
		EEA8340E2D9BE4FC000DCE61 /* KJMediaCleanViewController.m */ = {isa = PBXFileReference; lastKnownFileType = sourcecode.c.objc; path = KJMediaCleanViewController.m; sourceTree = "<group>"; };
		EEA8340F2D9BE4FC000DCE61 /* KJMediaManagerViewController.h */ = {isa = PBXFileReference; lastKnownFileType = sourcecode.c.h; path = KJMediaManagerViewController.h; sourceTree = "<group>"; };
		EEA834102D9BE4FC000DCE61 /* KJMediaManagerViewController.m */ = {isa = PBXFileReference; lastKnownFileType = sourcecode.c.objc; path = KJMediaManagerViewController.m; sourceTree = "<group>"; };
		F14A434A891FAF45E9307CC0 /* QingLi.podspec */ = {isa = PBXFileReference; includeInIndex = 1; lastKnownFileType = text; name = QingLi.podspec; path = ../QingLi.podspec; sourceTree = "<group>"; xcLanguageSpecificationIdentifier = xcode.lang.ruby; };
/* End PBXFileReference section */

/* Begin PBXFrameworksBuildPhase section */
		6003F587195388D20070C39A /* Frameworks */ = {
			isa = PBXFrameworksBuildPhase;
			buildActionMask = 2147483647;
			files = (
				6003F590195388D20070C39A /* CoreGraphics.framework in Frameworks */,
				6003F592195388D20070C39A /* UIKit.framework in Frameworks */,
				6003F58E195388D20070C39A /* Foundation.framework in Frameworks */,
				EE61B56C2D9A54F600F03328 /* PINCache in Frameworks */,
				EE61B5692D9A54CA00F03328 /* Toast in Frameworks */,
				C0A3BB4EAB17E170F22DFBAE /* Pods_QingLi_Example.framework in Frameworks */,
			);
			runOnlyForDeploymentPostprocessing = 0;
		};
		6003F5AB195388D20070C39A /* Frameworks */ = {
			isa = PBXFrameworksBuildPhase;
			buildActionMask = 2147483647;
			files = (
				6003F5B0195388D20070C39A /* XCTest.framework in Frameworks */,
				6003F5B2195388D20070C39A /* UIKit.framework in Frameworks */,
				6003F5B1195388D20070C39A /* Foundation.framework in Frameworks */,
				13422641856F5D6E44857628 /* Pods_QingLi_Tests.framework in Frameworks */,
			);
			runOnlyForDeploymentPostprocessing = 0;
		};
/* End PBXFrameworksBuildPhase section */

/* Begin PBXGroup section */
		0412395D2D1A5EE700F171A0 /* Contacts */ = {
			isa = PBXGroup;
			children = (
				0412395E2D1A5EF700F171A0 /* KJContactsViewController.h */,
				0412395F2D1A5EF700F171A0 /* KJContactsViewController.m */,
				049CA72C2D9D45E800A730C9 /* KJAllContactsViewController.h */,
				049CA72D2D9D45E800A730C9 /* KJAllContactsViewController.m */,
				049CA72F2D9D460200A730C9 /* KJContactDuplViewController.h */,
				049CA7302D9D460200A730C9 /* KJContactDuplViewController.m */,
				049CA7322D9D462400A730C9 /* KJContactSimilarNameViewController.h */,
				049CA7332D9D462400A730C9 /* KJContactSimilarNameViewController.m */,
			);
			path = Contacts;
			sourceTree = "<group>";
		};
		041239612D1A5F3000F171A0 /* Profile */ = {
			isa = PBXGroup;
			children = (
				041239622D1A5F3900F171A0 /* KJProfileViewController.h */,
				041239632D1A5F3900F171A0 /* KJProfileViewController.m */,
			);
			path = Profile;
			sourceTree = "<group>";
		};
		0483254E2D199FB200F62578 /* Home */ = {
			isa = PBXGroup;
			children = (
				EE61B5712D9A5B3300F03328 /* Layout */,
				EE12D0202D97A9DB003A4E70 /* KJPhotoSimilarityManager.h */,
				EE12D0212D97A9DB003A4E70 /* KJPhotoSimilarityManager.m */,
				EE12D0762D97B77A003A4E70 /* KJOptimizedDBSCAN.h */,
				EE12D0772D97B77A003A4E70 /* KJOptimizedDBSCAN.m */,
				EE12CFC72D97A629003A4E70 /* KJPhotoCell.h */,
				EE12CFC82D97A629003A4E70 /* KJPhotoCell.m */,
				EEA8340D2D9BE4FC000DCE61 /* KJMediaCleanViewController.h */,
				EEA8340E2D9BE4FC000DCE61 /* KJMediaCleanViewController.m */,
				EEA8340F2D9BE4FC000DCE61 /* KJMediaManagerViewController.h */,
				EEA834102D9BE4FC000DCE61 /* KJMediaManagerViewController.m */,
				EE12CFC92D97A629003A4E70 /* KJPhotoSectionHeader.h */,
				EE12CFCA2D97A629003A4E70 /* KJPhotoSectionHeader.m */,
				EEA8340A2D9BCD62000DCE61 /* KJSummaryHeaderView.h */,
				EEA8340B2D9BCD62000DCE61 /* KJSummaryHeaderView.m */,
				048325532D199FE700F62578 /* KJHomeViewController.h */,
				048325542D199FE700F62578 /* KJHomeViewController.m */,
				04714B132D1D0A9D00C66CBC /* KJSmartCleanViewController.h */,
				04714B142D1D0A9D00C66CBC /* KJSmartCleanViewController.m */,
			);
			path = Home;
			sourceTree = "<group>";
		};
		0483254F2D199FC400F62578 /* Base */ = {
			isa = PBXGroup;
			children = (
				048325502D199FD100F62578 /* KJBaseViewController.h */,
				048325512D199FD100F62578 /* KJBaseViewController.m */,
			);
			path = Base;
			sourceTree = "<group>";
		};
		04D64DD12D11B61000C3A0F6 /* Helper */ = {
			isa = PBXGroup;
			children = (
				048325562D19A04B00F62578 /* KJTools.h */,
				048325572D19A04B00F62578 /* KJTools.m */,
			);
			path = Helper;
			sourceTree = "<group>";
		};
		04D64E242D12683C00C3A0F6 /* Main */ = {
			isa = PBXGroup;
			children = (
				6003F5A5195388D20070C39A /* KJViewController.h */,
				6003F5A6195388D20070C39A /* KJViewController.m */,
				04D64E252D12686A00C3A0F6 /* KJCustomTabBar.h */,
				04D64E262D12686A00C3A0F6 /* KJCustomTabBar.m */,
			);
			path = Main;
			sourceTree = "<group>";
		};
		6003F581195388D10070C39A = {
			isa = PBXGroup;
			children = (
				60FF7A9C1954A5C5007DD14C /* Podspec Metadata */,
				6003F593195388D20070C39A /* Example for QingLi */,
				6003F5B5195388D20070C39A /* Tests */,
				6003F58C195388D20070C39A /* Frameworks */,
				6003F58B195388D20070C39A /* Products */,
				9C42BB5E113B0FB78754066F /* Pods */,
			);
			sourceTree = "<group>";
		};
		6003F58B195388D20070C39A /* Products */ = {
			isa = PBXGroup;
			children = (
				6003F58A195388D20070C39A /* QingLi_Example.app */,
				6003F5AE195388D20070C39A /* QingLi_Tests.xctest */,
			);
			name = Products;
			sourceTree = "<group>";
		};
		6003F58C195388D20070C39A /* Frameworks */ = {
			isa = PBXGroup;
			children = (
				6003F58D195388D20070C39A /* Foundation.framework */,
				6003F58F195388D20070C39A /* CoreGraphics.framework */,
				6003F591195388D20070C39A /* UIKit.framework */,
				6003F5AF195388D20070C39A /* XCTest.framework */,
				3817416DF8C5CB89F4D30029 /* Pods_QingLi_Example.framework */,
				D4ED9404822204855F3BAF2B /* Pods_QingLi_Tests.framework */,
			);
			name = Frameworks;
			sourceTree = "<group>";
		};
		6003F593195388D20070C39A /* Example for QingLi */ = {
			isa = PBXGroup;
			children = (
				041239612D1A5F3000F171A0 /* Profile */,
				0412395D2D1A5EE700F171A0 /* Contacts */,
				0483254F2D199FC400F62578 /* Base */,
				0483254E2D199FB200F62578 /* Home */,
				04D64E242D12683C00C3A0F6 /* Main */,
				6003F59C195388D20070C39A /* KJAppDelegate.h */,
				6003F59D195388D20070C39A /* KJAppDelegate.m */,
				873B8AEA1B1F5CCA007FD442 /* Main.storyboard */,
				04D64DD12D11B61000C3A0F6 /* Helper */,
				71719F9D1E33DC2100824A3D /* LaunchScreen.storyboard */,
				6003F5A8195388D20070C39A /* Images.xcassets */,
				6003F594195388D20070C39A /* Supporting Files */,
			);
			name = "Example for QingLi";
			path = QingLi;
			sourceTree = "<group>";
		};
		6003F594195388D20070C39A /* Supporting Files */ = {
			isa = PBXGroup;
			children = (
				6003F595195388D20070C39A /* QingLi-Info.plist */,
				6003F596195388D20070C39A /* InfoPlist.strings */,
				6003F599195388D20070C39A /* main.m */,
				6003F59B195388D20070C39A /* QingLi-Prefix.pch */,
			);
			name = "Supporting Files";
			sourceTree = "<group>";
		};
		6003F5B5195388D20070C39A /* Tests */ = {
			isa = PBXGroup;
			children = (
				6003F5BB195388D20070C39A /* Tests.m */,
				6003F5B6195388D20070C39A /* Supporting Files */,
			);
			path = Tests;
			sourceTree = "<group>";
		};
		6003F5B6195388D20070C39A /* Supporting Files */ = {
			isa = PBXGroup;
			children = (
				6003F5B7195388D20070C39A /* Tests-Info.plist */,
				6003F5B8195388D20070C39A /* InfoPlist.strings */,
				606FC2411953D9B200FFA9A0 /* Tests-Prefix.pch */,
			);
			name = "Supporting Files";
			sourceTree = "<group>";
		};
		60FF7A9C1954A5C5007DD14C /* Podspec Metadata */ = {
			isa = PBXGroup;
			children = (
				F14A434A891FAF45E9307CC0 /* QingLi.podspec */,
				42A74C4BA1E6140F9AC643CA /* README.md */,
				411C11A094F3945977D80676 /* LICENSE */,
			);
			name = "Podspec Metadata";
			sourceTree = "<group>";
		};
		9C42BB5E113B0FB78754066F /* Pods */ = {
			isa = PBXGroup;
			children = (
				10F6F684201175315B5805A1 /* Pods-QingLi_Example.debug.xcconfig */,
				9D5919551AF22C0501B39CFB /* Pods-QingLi_Example.release.xcconfig */,
				9FE9E0AE293A1F6C12CF6354 /* Pods-QingLi_Tests.debug.xcconfig */,
				BFEA2EB1A2A821CCA1B05142 /* Pods-QingLi_Tests.release.xcconfig */,
			);
			path = Pods;
			sourceTree = "<group>";
		};
		EE61B5712D9A5B3300F03328 /* Layout */ = {
			isa = PBXGroup;
			children = (
				EE61B56F2D9A5B3300F03328 /* KJCustomPhotoLayout.h */,
				EE61B5702D9A5B3300F03328 /* KJCustomPhotoLayout.m */,
			);
			path = Layout;
			sourceTree = "<group>";
		};
/* End PBXGroup section */

/* Begin PBXNativeTarget section */
		6003F589195388D20070C39A /* QingLi_Example */ = {
			isa = PBXNativeTarget;
			buildConfigurationList = 6003F5BF195388D20070C39A /* Build configuration list for PBXNativeTarget "QingLi_Example" */;
			buildPhases = (
				7AAF485D856BBE60B8FCFB8C /* [CP] Check Pods Manifest.lock */,
				6003F586195388D20070C39A /* Sources */,
				6003F587195388D20070C39A /* Frameworks */,
				6003F588195388D20070C39A /* Resources */,
				2F80ECC51A42BCB2AA5DF6D0 /* [CP] Embed Pods Frameworks */,
			);
			buildRules = (
			);
			dependencies = (
			);
			name = QingLi_Example;
			productName = QingLi;
			productReference = 6003F58A195388D20070C39A /* QingLi_Example.app */;
			productType = "com.apple.product-type.application";
		};
		6003F5AD195388D20070C39A /* QingLi_Tests */ = {
			isa = PBXNativeTarget;
			buildConfigurationList = 6003F5C2195388D20070C39A /* Build configuration list for PBXNativeTarget "QingLi_Tests" */;
			buildPhases = (
				9B1252DBA16968305319C53E /* [CP] Check Pods Manifest.lock */,
				6003F5AA195388D20070C39A /* Sources */,
				6003F5AB195388D20070C39A /* Frameworks */,
				6003F5AC195388D20070C39A /* Resources */,
			);
			buildRules = (
			);
			dependencies = (
				6003F5B4195388D20070C39A /* PBXTargetDependency */,
			);
			name = QingLi_Tests;
			productName = QingLiTests;
			productReference = 6003F5AE195388D20070C39A /* QingLi_Tests.xctest */;
			productType = "com.apple.product-type.bundle.unit-test";
		};
/* End PBXNativeTarget section */

/* Begin PBXProject section */
		6003F582195388D10070C39A /* Project object */ = {
			isa = PBXProject;
			attributes = {
				CLASSPREFIX = KJ;
				LastUpgradeCheck = 0720;
				ORGANIZATIONNAME = wangkejie;
				TargetAttributes = {
					6003F5AD195388D20070C39A = {
						TestTargetID = 6003F589195388D20070C39A;
					};
				};
			};
			buildConfigurationList = 6003F585195388D10070C39A /* Build configuration list for PBXProject "QingLi" */;
			compatibilityVersion = "Xcode 3.2";
			developmentRegion = English;
			hasScannedForEncodings = 0;
			knownRegions = (
				English,
				en,
				Base,
			);
			mainGroup = 6003F581195388D10070C39A;
			packageReferences = (
				04D64E212D11B85000C3A0F6 /* XCRemoteSwiftPackageReference "facebook-ios-sdk" */,
				04D64E222D11B8D000C3A0F6 /* XCRemoteSwiftPackageReference "firebase-ios-sdk" */,
				04D64E232D11B92A00C3A0F6 /* XCRemoteSwiftPackageReference "SwiftyStoreKit" */,
				EE61B5672D9A54CA00F03328 /* XCRemoteSwiftPackageReference "Toast-Swift" */,
				EE61B56A2D9A54F600F03328 /* XCRemoteSwiftPackageReference "PINCache" */,
			);
			productRefGroup = 6003F58B195388D20070C39A /* Products */;
			projectDirPath = "";
			projectRoot = "";
			targets = (
				6003F589195388D20070C39A /* QingLi_Example */,
				6003F5AD195388D20070C39A /* QingLi_Tests */,
			);
		};
/* End PBXProject section */

/* Begin PBXResourcesBuildPhase section */
		6003F588195388D20070C39A /* Resources */ = {
			isa = PBXResourcesBuildPhase;
			buildActionMask = 2147483647;
			files = (
				873B8AEB1B1F5CCA007FD442 /* Main.storyboard in Resources */,
				71719F9F1E33DC2100824A3D /* LaunchScreen.storyboard in Resources */,
				6003F5A9195388D20070C39A /* Images.xcassets in Resources */,
				6003F598195388D20070C39A /* InfoPlist.strings in Resources */,
			);
			runOnlyForDeploymentPostprocessing = 0;
		};
		6003F5AC195388D20070C39A /* Resources */ = {
			isa = PBXResourcesBuildPhase;
			buildActionMask = 2147483647;
			files = (
				6003F5BA195388D20070C39A /* InfoPlist.strings in Resources */,
			);
			runOnlyForDeploymentPostprocessing = 0;
		};
/* End PBXResourcesBuildPhase section */

/* Begin PBXShellScriptBuildPhase section */
		2F80ECC51A42BCB2AA5DF6D0 /* [CP] Embed Pods Frameworks */ = {
			isa = PBXShellScriptBuildPhase;
			buildActionMask = 2147483647;
			files = (
			);
			inputPaths = (
				"${PODS_ROOT}/Target Support Files/Pods-QingLi_Example/Pods-QingLi_Example-frameworks.sh",
				"${BUILT_PRODUCTS_DIR}/BlocksKit/BlocksKit.framework",
				"${BUILT_PRODUCTS_DIR}/Bolts/Bolts.framework",
				"${BUILT_PRODUCTS_DIR}/LookinServer/LookinServer.framework",
				"${BUILT_PRODUCTS_DIR}/MJExtension/MJExtension.framework",
				"${BUILT_PRODUCTS_DIR}/Masonry/Masonry.framework",
				"${BUILT_PRODUCTS_DIR}/QMUIKit/QMUIKit.framework",
				"${BUILT_PRODUCTS_DIR}/QingLi/QingLi.framework",
				"${BUILT_PRODUCTS_DIR}/SDWebImage/SDWebImage.framework",
				"${BUILT_PRODUCTS_DIR}/SSZipArchive/SSZipArchive.framework",
			);
			name = "[CP] Embed Pods Frameworks";
			outputPaths = (
				"${TARGET_BUILD_DIR}/${FRAMEWORKS_FOLDER_PATH}/BlocksKit.framework",
				"${TARGET_BUILD_DIR}/${FRAMEWORKS_FOLDER_PATH}/Bolts.framework",
				"${TARGET_BUILD_DIR}/${FRAMEWORKS_FOLDER_PATH}/LookinServer.framework",
				"${TARGET_BUILD_DIR}/${FRAMEWORKS_FOLDER_PATH}/MJExtension.framework",
				"${TARGET_BUILD_DIR}/${FRAMEWORKS_FOLDER_PATH}/Masonry.framework",
				"${TARGET_BUILD_DIR}/${FRAMEWORKS_FOLDER_PATH}/QMUIKit.framework",
				"${TARGET_BUILD_DIR}/${FRAMEWORKS_FOLDER_PATH}/QingLi.framework",
				"${TARGET_BUILD_DIR}/${FRAMEWORKS_FOLDER_PATH}/SDWebImage.framework",
				"${TARGET_BUILD_DIR}/${FRAMEWORKS_FOLDER_PATH}/SSZipArchive.framework",
			);
			runOnlyForDeploymentPostprocessing = 0;
			shellPath = /bin/sh;
			shellScript = "\"${PODS_ROOT}/Target Support Files/Pods-QingLi_Example/Pods-QingLi_Example-frameworks.sh\"\n";
			showEnvVarsInLog = 0;
		};
		7AAF485D856BBE60B8FCFB8C /* [CP] Check Pods Manifest.lock */ = {
			isa = PBXShellScriptBuildPhase;
			buildActionMask = 2147483647;
			files = (
			);
			inputFileListPaths = (
			);
			inputPaths = (
				"${PODS_PODFILE_DIR_PATH}/Podfile.lock",
				"${PODS_ROOT}/Manifest.lock",
			);
			name = "[CP] Check Pods Manifest.lock";
			outputFileListPaths = (
			);
			outputPaths = (
				"$(DERIVED_FILE_DIR)/Pods-QingLi_Example-checkManifestLockResult.txt",
			);
			runOnlyForDeploymentPostprocessing = 0;
			shellPath = /bin/sh;
			shellScript = "diff \"${PODS_PODFILE_DIR_PATH}/Podfile.lock\" \"${PODS_ROOT}/Manifest.lock\" > /dev/null\nif [ $? != 0 ] ; then\n    # print error to STDERR\n    echo \"error: The sandbox is not in sync with the Podfile.lock. Run 'pod install' or update your CocoaPods installation.\" >&2\n    exit 1\nfi\n# This output is used by Xcode 'outputs' to avoid re-running this script phase.\necho \"SUCCESS\" > \"${SCRIPT_OUTPUT_FILE_0}\"\n";
			showEnvVarsInLog = 0;
		};
		9B1252DBA16968305319C53E /* [CP] Check Pods Manifest.lock */ = {
			isa = PBXShellScriptBuildPhase;
			buildActionMask = 2147483647;
			files = (
			);
			inputFileListPaths = (
			);
			inputPaths = (
				"${PODS_PODFILE_DIR_PATH}/Podfile.lock",
				"${PODS_ROOT}/Manifest.lock",
			);
			name = "[CP] Check Pods Manifest.lock";
			outputFileListPaths = (
			);
			outputPaths = (
				"$(DERIVED_FILE_DIR)/Pods-QingLi_Tests-checkManifestLockResult.txt",
			);
			runOnlyForDeploymentPostprocessing = 0;
			shellPath = /bin/sh;
			shellScript = "diff \"${PODS_PODFILE_DIR_PATH}/Podfile.lock\" \"${PODS_ROOT}/Manifest.lock\" > /dev/null\nif [ $? != 0 ] ; then\n    # print error to STDERR\n    echo \"error: The sandbox is not in sync with the Podfile.lock. Run 'pod install' or update your CocoaPods installation.\" >&2\n    exit 1\nfi\n# This output is used by Xcode 'outputs' to avoid re-running this script phase.\necho \"SUCCESS\" > \"${SCRIPT_OUTPUT_FILE_0}\"\n";
			showEnvVarsInLog = 0;
		};
/* End PBXShellScriptBuildPhase section */

/* Begin PBXSourcesBuildPhase section */
		6003F586195388D20070C39A /* Sources */ = {
			isa = PBXSourcesBuildPhase;
			buildActionMask = 2147483647;
			files = (
				041239602D1A5EF700F171A0 /* KJContactsViewController.m in Sources */,
				049CA72E2D9D45E800A730C9 /* KJAllContactsViewController.m in Sources */,
				EE12D0222D97A9DB003A4E70 /* KJPhotoSimilarityManager.m in Sources */,
				EEA834112D9BE4FC000DCE61 /* KJMediaCleanViewController.m in Sources */,
				EEA834122D9BE4FC000DCE61 /* KJMediaManagerViewController.m in Sources */,
				049CA7312D9D460200A730C9 /* KJContactDuplViewController.m in Sources */,
				049CA7342D9D462400A730C9 /* KJContactSimilarNameViewController.m in Sources */,
				EE61B5722D9A5B3300F03328 /* KJCustomPhotoLayout.m in Sources */,
				048325582D19A04B00F62578 /* KJTools.m in Sources */,
				048325552D199FE700F62578 /* KJHomeViewController.m in Sources */,
				04714B152D1D0A9D00C66CBC /* KJSmartCleanViewController.m in Sources */,
				048325522D199FD100F62578 /* KJBaseViewController.m in Sources */,
				EEA8340C2D9BCD62000DCE61 /* KJSummaryHeaderView.m in Sources */,
				6003F59E195388D20070C39A /* KJAppDelegate.m in Sources */,
				6003F5A7195388D20070C39A /* KJViewController.m in Sources */,
				041239642D1A5F3900F171A0 /* KJProfileViewController.m in Sources */,
				6003F59A195388D20070C39A /* main.m in Sources */,
				04D64E272D12686A00C3A0F6 /* KJCustomTabBar.m in Sources */,
				EE12D0782D97B77A003A4E70 /* KJOptimizedDBSCAN.m in Sources */,
				EE12CFCB2D97A629003A4E70 /* KJPhotoSectionHeader.m in Sources */,
				EE12CFCC2D97A629003A4E70 /* KJPhotoCell.m in Sources */,
			);
			runOnlyForDeploymentPostprocessing = 0;
		};
		6003F5AA195388D20070C39A /* Sources */ = {
			isa = PBXSourcesBuildPhase;
			buildActionMask = 2147483647;
			files = (
				6003F5BC195388D20070C39A /* Tests.m in Sources */,
			);
			runOnlyForDeploymentPostprocessing = 0;
		};
/* End PBXSourcesBuildPhase section */

/* Begin PBXTargetDependency section */
		6003F5B4195388D20070C39A /* PBXTargetDependency */ = {
			isa = PBXTargetDependency;
			target = 6003F589195388D20070C39A /* QingLi_Example */;
			targetProxy = 6003F5B3195388D20070C39A /* PBXContainerItemProxy */;
		};
/* End PBXTargetDependency section */

/* Begin PBXVariantGroup section */
		6003F596195388D20070C39A /* InfoPlist.strings */ = {
			isa = PBXVariantGroup;
			children = (
				6003F597195388D20070C39A /* en */,
			);
			name = InfoPlist.strings;
			sourceTree = "<group>";
		};
		6003F5B8195388D20070C39A /* InfoPlist.strings */ = {
			isa = PBXVariantGroup;
			children = (
				6003F5B9195388D20070C39A /* en */,
			);
			name = InfoPlist.strings;
			sourceTree = "<group>";
		};
		71719F9D1E33DC2100824A3D /* LaunchScreen.storyboard */ = {
			isa = PBXVariantGroup;
			children = (
				71719F9E1E33DC2100824A3D /* Base */,
			);
			name = LaunchScreen.storyboard;
			sourceTree = "<group>";
		};
/* End PBXVariantGroup section */

/* Begin XCBuildConfiguration section */
		6003F5BD195388D20070C39A /* Debug */ = {
			isa = XCBuildConfiguration;
			buildSettings = {
				ALWAYS_SEARCH_USER_PATHS = NO;
				CLANG_CXX_LANGUAGE_STANDARD = "gnu++0x";
				CLANG_CXX_LIBRARY = "libc++";
				CLANG_ENABLE_MODULES = YES;
				CLANG_ENABLE_OBJC_ARC = YES;
				CLANG_WARN_BOOL_CONVERSION = YES;
				CLANG_WARN_CONSTANT_CONVERSION = YES;
				CLANG_WARN_DIRECT_OBJC_ISA_USAGE = YES_ERROR;
				CLANG_WARN_EMPTY_BODY = YES;
				CLANG_WARN_ENUM_CONVERSION = YES;
				CLANG_WARN_INT_CONVERSION = YES;
				CLANG_WARN_OBJC_ROOT_CLASS = YES_ERROR;
				CLANG_WARN__DUPLICATE_METHOD_MATCH = YES;
				"CODE_SIGN_IDENTITY[sdk=iphoneos*]" = "iPhone Developer";
				COPY_PHASE_STRIP = NO;
				ENABLE_TESTABILITY = YES;
				GCC_C_LANGUAGE_STANDARD = gnu99;
				GCC_DYNAMIC_NO_PIC = NO;
				GCC_OPTIMIZATION_LEVEL = 0;
				GCC_PREPROCESSOR_DEFINITIONS = (
					"DEBUG=1",
					"$(inherited)",
				);
				GCC_SYMBOLS_PRIVATE_EXTERN = NO;
				GCC_WARN_64_TO_32_BIT_CONVERSION = YES;
				GCC_WARN_ABOUT_RETURN_TYPE = YES_ERROR;
				GCC_WARN_UNDECLARED_SELECTOR = YES;
				GCC_WARN_UNINITIALIZED_AUTOS = YES_AGGRESSIVE;
				GCC_WARN_UNUSED_FUNCTION = YES;
				GCC_WARN_UNUSED_VARIABLE = YES;
				IPHONEOS_DEPLOYMENT_TARGET = 9.3;
				ONLY_ACTIVE_ARCH = YES;
				SDKROOT = iphoneos;
				TARGETED_DEVICE_FAMILY = "1,2";
			};
			name = Debug;
		};
		6003F5BE195388D20070C39A /* Release */ = {
			isa = XCBuildConfiguration;
			buildSettings = {
				ALWAYS_SEARCH_USER_PATHS = NO;
				CLANG_CXX_LANGUAGE_STANDARD = "gnu++0x";
				CLANG_CXX_LIBRARY = "libc++";
				CLANG_ENABLE_MODULES = YES;
				CLANG_ENABLE_OBJC_ARC = YES;
				CLANG_WARN_BOOL_CONVERSION = YES;
				CLANG_WARN_CONSTANT_CONVERSION = YES;
				CLANG_WARN_DIRECT_OBJC_ISA_USAGE = YES_ERROR;
				CLANG_WARN_EMPTY_BODY = YES;
				CLANG_WARN_ENUM_CONVERSION = YES;
				CLANG_WARN_INT_CONVERSION = YES;
				CLANG_WARN_OBJC_ROOT_CLASS = YES_ERROR;
				CLANG_WARN__DUPLICATE_METHOD_MATCH = YES;
				"CODE_SIGN_IDENTITY[sdk=iphoneos*]" = "iPhone Developer";
				COPY_PHASE_STRIP = YES;
				ENABLE_NS_ASSERTIONS = NO;
				GCC_C_LANGUAGE_STANDARD = gnu99;
				GCC_WARN_64_TO_32_BIT_CONVERSION = YES;
				GCC_WARN_ABOUT_RETURN_TYPE = YES_ERROR;
				GCC_WARN_UNDECLARED_SELECTOR = YES;
				GCC_WARN_UNINITIALIZED_AUTOS = YES_AGGRESSIVE;
				GCC_WARN_UNUSED_FUNCTION = YES;
				GCC_WARN_UNUSED_VARIABLE = YES;
				IPHONEOS_DEPLOYMENT_TARGET = 9.3;
				SDKROOT = iphoneos;
				TARGETED_DEVICE_FAMILY = "1,2";
				VALIDATE_PRODUCT = YES;
			};
			name = Release;
		};
		6003F5C0195388D20070C39A /* Debug */ = {
			isa = XCBuildConfiguration;
			baseConfigurationReference = 10F6F684201175315B5805A1 /* Pods-QingLi_Example.debug.xcconfig */;
			buildSettings = {
				ASSETCATALOG_COMPILER_APPICON_NAME = AppIcon;
				DEVELOPMENT_TEAM = UB955PQL8J;
				GCC_PRECOMPILE_PREFIX_HEADER = YES;
				GCC_PREFIX_HEADER = "QingLi/QingLi-Prefix.pch";
				INFOPLIST_FILE = "QingLi/QingLi-Info.plist";
				INFOPLIST_KEY_CFBundleDisplayName = QingLi;
				IPHONEOS_DEPLOYMENT_TARGET = 13;
				MODULE_NAME = ExampleApp;
				PRODUCT_BUNDLE_IDENTIFIER = com.wangkejie.qingli;
				PRODUCT_NAME = "$(TARGET_NAME)";
				SWIFT_VERSION = 4.0;
				WRAPPER_EXTENSION = app;
			};
			name = Debug;
		};
		6003F5C1195388D20070C39A /* Release */ = {
			isa = XCBuildConfiguration;
			baseConfigurationReference = 9D5919551AF22C0501B39CFB /* Pods-QingLi_Example.release.xcconfig */;
			buildSettings = {
				ASSETCATALOG_COMPILER_APPICON_NAME = AppIcon;
				DEVELOPMENT_TEAM = UB955PQL8J;
				GCC_PRECOMPILE_PREFIX_HEADER = YES;
				GCC_PREFIX_HEADER = "QingLi/QingLi-Prefix.pch";
				INFOPLIST_FILE = "QingLi/QingLi-Info.plist";
				INFOPLIST_KEY_CFBundleDisplayName = QingLi;
				IPHONEOS_DEPLOYMENT_TARGET = 13;
				MODULE_NAME = ExampleApp;
				PRODUCT_BUNDLE_IDENTIFIER = com.wangkejie.qingli;
				PRODUCT_NAME = "$(TARGET_NAME)";
				SWIFT_VERSION = 4.0;
				WRAPPER_EXTENSION = app;
			};
			name = Release;
		};
		6003F5C3195388D20070C39A /* Debug */ = {
			isa = XCBuildConfiguration;
			baseConfigurationReference = 9FE9E0AE293A1F6C12CF6354 /* Pods-QingLi_Tests.debug.xcconfig */;
			buildSettings = {
				BUNDLE_LOADER = "$(TEST_HOST)";
				FRAMEWORK_SEARCH_PATHS = (
					"$(PLATFORM_DIR)/Developer/Library/Frameworks",
					"$(inherited)",
					"$(DEVELOPER_FRAMEWORKS_DIR)",
				);
				GCC_PRECOMPILE_PREFIX_HEADER = YES;
				GCC_PREFIX_HEADER = "Tests/Tests-Prefix.pch";
				GCC_PREPROCESSOR_DEFINITIONS = (
					"DEBUG=1",
					"$(inherited)",
				);
				INFOPLIST_FILE = "Tests/Tests-Info.plist";
				PRODUCT_BUNDLE_IDENTIFIER = "org.cocoapods.demo.${PRODUCT_NAME:rfc1034identifier}";
				PRODUCT_NAME = "$(TARGET_NAME)";
				SWIFT_VERSION = 4.0;
				TEST_HOST = "$(BUILT_PRODUCTS_DIR)/QingLi_Example.app/QingLi_Example";
				WRAPPER_EXTENSION = xctest;
			};
			name = Debug;
		};
		6003F5C4195388D20070C39A /* Release */ = {
			isa = XCBuildConfiguration;
			baseConfigurationReference = BFEA2EB1A2A821CCA1B05142 /* Pods-QingLi_Tests.release.xcconfig */;
			buildSettings = {
				BUNDLE_LOADER = "$(TEST_HOST)";
				FRAMEWORK_SEARCH_PATHS = (
					"$(PLATFORM_DIR)/Developer/Library/Frameworks",
					"$(inherited)",
					"$(DEVELOPER_FRAMEWORKS_DIR)",
				);
				GCC_PRECOMPILE_PREFIX_HEADER = YES;
				GCC_PREFIX_HEADER = "Tests/Tests-Prefix.pch";
				INFOPLIST_FILE = "Tests/Tests-Info.plist";
				PRODUCT_BUNDLE_IDENTIFIER = "org.cocoapods.demo.${PRODUCT_NAME:rfc1034identifier}";
				PRODUCT_NAME = "$(TARGET_NAME)";
				SWIFT_VERSION = 4.0;
				TEST_HOST = "$(BUILT_PRODUCTS_DIR)/QingLi_Example.app/QingLi_Example";
				WRAPPER_EXTENSION = xctest;
			};
			name = Release;
		};
/* End XCBuildConfiguration section */

/* Begin XCConfigurationList section */
		6003F585195388D10070C39A /* Build configuration list for PBXProject "QingLi" */ = {
			isa = XCConfigurationList;
			buildConfigurations = (
				6003F5BD195388D20070C39A /* Debug */,
				6003F5BE195388D20070C39A /* Release */,
			);
			defaultConfigurationIsVisible = 0;
			defaultConfigurationName = Release;
		};
		6003F5BF195388D20070C39A /* Build configuration list for PBXNativeTarget "QingLi_Example" */ = {
			isa = XCConfigurationList;
			buildConfigurations = (
				6003F5C0195388D20070C39A /* Debug */,
				6003F5C1195388D20070C39A /* Release */,
			);
			defaultConfigurationIsVisible = 0;
			defaultConfigurationName = Release;
		};
		6003F5C2195388D20070C39A /* Build configuration list for PBXNativeTarget "QingLi_Tests" */ = {
			isa = XCConfigurationList;
			buildConfigurations = (
				6003F5C3195388D20070C39A /* Debug */,
				6003F5C4195388D20070C39A /* Release */,
			);
			defaultConfigurationIsVisible = 0;
			defaultConfigurationName = Release;
		};
/* End XCConfigurationList section */

/* Begin XCRemoteSwiftPackageReference section */
		04D64E212D11B85000C3A0F6 /* XCRemoteSwiftPackageReference "facebook-ios-sdk" */ = {
			isa = XCRemoteSwiftPackageReference;
			repositoryURL = "https://github.com/facebook/facebook-ios-sdk";
			requirement = {
				kind = upToNextMajorVersion;
				minimumVersion = 14.1.0;
			};
		};
		04D64E222D11B8D000C3A0F6 /* XCRemoteSwiftPackageReference "firebase-ios-sdk" */ = {
			isa = XCRemoteSwiftPackageReference;
			repositoryURL = "https://github.com/firebase/firebase-ios-sdk";
			requirement = {
				kind = upToNextMajorVersion;
				minimumVersion = 11.6.0;
			};
		};
		04D64E232D11B92A00C3A0F6 /* XCRemoteSwiftPackageReference "SwiftyStoreKit" */ = {
			isa = XCRemoteSwiftPackageReference;
			repositoryURL = "https://github.com/bizz84/SwiftyStoreKit";
			requirement = {
				kind = upToNextMajorVersion;
				minimumVersion = 0.16.4;
			};
		};
		EE61B5672D9A54CA00F03328 /* XCRemoteSwiftPackageReference "Toast-Swift" */ = {
			isa = XCRemoteSwiftPackageReference;
			repositoryURL = "https://github.com/scalessec/Toast-Swift";
			requirement = {
				kind = upToNextMajorVersion;
				minimumVersion = 5.1.1;
			};
		};
		EE61B56A2D9A54F600F03328 /* XCRemoteSwiftPackageReference "PINCache" */ = {
			isa = XCRemoteSwiftPackageReference;
			repositoryURL = "https://github.com/pinterest/PINCache";
			requirement = {
				kind = upToNextMajorVersion;
				minimumVersion = 3.0.4;
			};
		};
/* End XCRemoteSwiftPackageReference section */

/* Begin XCSwiftPackageProductDependency section */
		EE61B5682D9A54CA00F03328 /* Toast */ = {
			isa = XCSwiftPackageProductDependency;
			package = EE61B5672D9A54CA00F03328 /* XCRemoteSwiftPackageReference "Toast-Swift" */;
			productName = Toast;
		};
		EE61B56B2D9A54F600F03328 /* PINCache */ = {
			isa = XCSwiftPackageProductDependency;
			package = EE61B56A2D9A54F600F03328 /* XCRemoteSwiftPackageReference "PINCache" */;
			productName = PINCache;
		};
/* End XCSwiftPackageProductDependency section */
	};
	rootObject = 6003F582195388D10070C39A /* Project object */;
}
